<?xml version="1.0" encoding="utf-8"?>
<Project ToolsVersion="4.0" xmlns="http://schemas.microsoft.com/developer/msbuild/2003">
  <ItemGroup>
    <Filter Include="Quelldateien">
      <UniqueIdentifier>{4FC737F1-C7A5-4376-A066-2A32D752A2FF}</UniqueIdentifier>
      <Extensions>cpp;c;cc;cxx;def;odl;idl;hpj;bat;asm;asmx</Extensions>
    </Filter>
    <Filter Include="Headerdateien">
      <UniqueIdentifier>{93995380-89BD-4b04-88EB-625FBE52EBFB}</UniqueIdentifier>
      <Extensions>h;hh;hpp;hxx;hm;inl;inc;xsd</Extensions>
    </Filter>
    <Filter Include="Ressourcendateien">
      <UniqueIdentifier>{67DA6AB6-F800-4c08-8B7A-83BB121AAD01}</UniqueIdentifier>
      <Extensions>rc;ico;cur;bmp;dlg;rc2;rct;bin;rgs;gif;jpg;jpeg;jpe;resx;tiff;tif;png;wav;mfcribbon-ms</Extensions>
    </Filter>
    <Filter Include="Quelldateien\Tests">
      <UniqueIdentifier>{04f8d3eb-f78b-450f-9785-0b06f7ffec4a}</UniqueIdentifier>
    </Filter>
  </ItemGroup>
  <ItemGroup>
    <ClInclude Include="src\Reporter.h">
      <Filter>Headerdateien</Filter>
    </ClInclude>
    <ClInclude Include="src\Shader.h">
      <Filter>Headerdateien</Filter>
    </ClInclude>
    <ClInclude Include="src\Timestamp.h">
      <Filter>Headerdateien</Filter>
    </ClInclude>
    <ClInclude Include="src\Utils.h">
      <Filter>Headerdateien</Filter>
    </ClInclude>
    <ClInclude Include="src\Vec.h">
      <Filter>Headerdateien</Filter>
    </ClInclude>
    <ClInclude Include="src\Vec2D.h">
      <Filter>Headerdateien</Filter>
    </ClInclude>
    <ClInclude Include="src\Window.h">
      <Filter>Headerdateien</Filter>
    </ClInclude>
    <ClInclude Include="src\Application.h">
      <Filter>Headerdateien</Filter>
    </ClInclude>
    <ClInclude Include="src\Camera.h">
      <Filter>Headerdateien</Filter>
    </ClInclude>
    <ClInclude Include="src\Console.h">
      <Filter>Headerdateien</Filter>
    </ClInclude>
    <ClInclude Include="src\Includes.h">
      <Filter>Headerdateien</Filter>
    </ClInclude>
    <ClInclude Include="src\Keyboard.h">
      <Filter>Headerdateien</Filter>
    </ClInclude>
    <ClInclude Include="src\Logger.h">
      <Filter>Headerdateien</Filter>
    </ClInclude>
    <ClInclude Include="src\Mat.h">
      <Filter>Headerdateien</Filter>
    </ClInclude>
    <ClInclude Include="src\Mouse.h">
      <Filter>Headerdateien</Filter>
    </ClInclude>
    <ClInclude Include="src\OpenGL.h">
      <Filter>Headerdateien</Filter>
    </ClInclude>
    <ClInclude Include="src\Renderer.h">
      <Filter>Headerdateien</Filter>
    </ClInclude>
    <ClInclude Include="src\RenderScene.h">
      <Filter>Headerdateien</Filter>
    </ClInclude>
    <ClInclude Include="src\Vertex.h">
      <Filter>Headerdateien</Filter>
    </ClInclude>
    <ClInclude Include="src\Mesh.h">
      <Filter>Headerdateien</Filter>
    </ClInclude>
    <ClInclude Include="src\WavefrontModel.h">
      <Filter>Headerdateien</Filter>
    </ClInclude>
    <ClInclude Include="src\Win32Window.h">
      <Filter>Headerdateien</Filter>
    </ClInclude>
    <ClInclude Include="src\Texture.h">
      <Filter>Headerdateien</Filter>
    </ClInclude>
    <ClInclude Include="src\Framebuffer.h">
      <Filter>Headerdateien</Filter>
    </ClInclude>
    <ClInclude Include="src\Depthbuffer.h">
      <Filter>Headerdateien</Filter>
    </ClInclude>
    <ClInclude Include="src\Normalbuffer.h">
      <Filter>Headerdateien</Filter>
    </ClInclude>
    <ClInclude Include="src\ScreenEffect.h">
      <Filter>Headerdateien</Filter>
    </ClInclude>
    <ClInclude Include="src\AmbientOcclusion.h">
      <Filter>Headerdateien</Filter>
    </ClInclude>
    <ClInclude Include="src\Blur.h">
      <Filter>Headerdateien</Filter>
    </ClInclude>
  </ItemGroup>
  <ItemGroup>
    <ClCompile Include="src\Shader.cpp">
      <Filter>Quelldateien</Filter>
    </ClCompile>
    <ClCompile Include="src\Timestamp.cpp">
      <Filter>Quelldateien</Filter>
    </ClCompile>
    <ClCompile Include="src\Utils.cpp">
      <Filter>Quelldateien</Filter>
    </ClCompile>
    <ClCompile Include="src\Vec.cpp">
      <Filter>Quelldateien</Filter>
    </ClCompile>
    <ClCompile Include="src\Vec2D.cpp">
      <Filter>Quelldateien</Filter>
    </ClCompile>
    <ClCompile Include="src\Window.cpp">
      <Filter>Quelldateien</Filter>
    </ClCompile>
    <ClCompile Include="src\Application.cpp">
      <Filter>Quelldateien</Filter>
    </ClCompile>
    <ClCompile Include="src\Camera.cpp">
      <Filter>Quelldateien</Filter>
    </ClCompile>
    <ClCompile Include="src\Console.cpp">
      <Filter>Quelldateien</Filter>
    </ClCompile>
    <ClCompile Include="src\Keyboard.cpp">
      <Filter>Quelldateien</Filter>
    </ClCompile>
    <ClCompile Include="src\Logger.cpp">
      <Filter>Quelldateien</Filter>
    </ClCompile>
    <ClCompile Include="src\Mat.cpp">
      <Filter>Quelldateien</Filter>
    </ClCompile>
    <ClCompile Include="src\Mouse.cpp">
      <Filter>Quelldateien</Filter>
    </ClCompile>
    <ClCompile Include="src\Renderer.cpp">
      <Filter>Quelldateien</Filter>
    </ClCompile>
    <ClCompile Include="src\Reporter.cpp">
      <Filter>Quelldateien</Filter>
    </ClCompile>
    <ClCompile Include="src\GLFW_Test.cpp">
      <Filter>Quelldateien\Tests</Filter>
    </ClCompile>
    <ClCompile Include="src\ApplicationTest.cpp">
      <Filter>Quelldateien\Tests</Filter>
    </ClCompile>
    <ClCompile Include="src\WindowTest.cpp">
      <Filter>Quelldateien\Tests</Filter>
    </ClCompile>
    <ClCompile Include="src\RenderScene.cpp">
      <Filter>Quelldateien</Filter>
    </ClCompile>
    <ClCompile Include="src\Vertex.cpp">
      <Filter>Quelldateien</Filter>
    </ClCompile>
    <ClCompile Include="src\Mesh.cpp">
      <Filter>Quelldateien</Filter>
    </ClCompile>
    <ClCompile Include="src\WavefrontModel.cpp">
      <Filter>Quelldateien</Filter>
    </ClCompile>
    <ClCompile Include="src\Win32Window.cpp">
      <Filter>Quelldateien</Filter>
    </ClCompile>
    <ClCompile Include="src\Texture.cpp">
      <Filter>Quelldateien</Filter>
    </ClCompile>
    <ClCompile Include="src\Framebuffer.cpp">
      <Filter>Quelldateien</Filter>
    </ClCompile>
    <ClCompile Include="src\Depthbuffer.cpp">
      <Filter>Quelldateien</Filter>
    </ClCompile>
    <ClCompile Include="src\Normalbuffer.cpp">
      <Filter>Quelldateien</Filter>
    </ClCompile>
    <ClCompile Include="src\ScreenEffect.cpp">
      <Filter>Quelldateien</Filter>
    </ClCompile>
    <ClCompile Include="src\AmbientOcclusion.cpp">
      <Filter>Quelldateien</Filter>
    </ClCompile>
    <ClCompile Include="src\Blur.cpp">
      <Filter>Quelldateien</Filter>
    </ClCompile>
  </ItemGroup>
</Project>